
Microsoft Visual Studio Solution File, Format Version 12.00
# Visual Studio 15
VisualStudioVersion = 15.0.28010.2026
MinimumVisualStudioVersion = 10.0.40219.1
Project("{FAE04EC0-301F-11D3-BF4B-00C04F79EFBC}") = "CoreWebTemplate", "CoreWebTemplate\CoreWebTemplate.csproj", "{D16523E0-FBF4-4ED4-90F6-12EC63B900EB}"
EndProject
Global
	GlobalSection(SolutionConfigurationPlatforms) = preSolution
		Debug|Any CPU = Debug|Any CPU
		Release|Any CPU = Release|Any CPU
	EndGlobalSection
	GlobalSection(ProjectConfigurationPlatforms) = postSolution
		{D16523E0-FBF4-4ED4-90F6-12EC63B900EB}.Debug|Any CPU.ActiveCfg = Debug|Any CPU
		{D16523E0-FBF4-4ED4-90F6-12EC63B900EB}.Debug|Any CPU.Build.0 = Debug|Any CPU
		{D16523E0-FBF4-4ED4-90F6-12EC63B900EB}.Release|Any CPU.ActiveCfg = Release|Any CPU
		{D16523E0-FBF4-4ED4-90F6-12EC63B900EB}.Release|Any CPU.Build.0 = Release|Any CPU
	EndGlobalSection
	GlobalSection(SolutionProperties) = preSolution
		HideSolutionNode = FALSE
	EndGlobalSection
	GlobalSection(ExtensibilityGlobals) = postSolution
		SolutionGuid = {C3896979-C702-4E09-AE50-03B342044389}
	EndGlobalSection
EndGlobal
